
Microsoft Visual Studio Solution File, Format Version 12.00
# Visual Studio Version 17
VisualStudioVersion = 17.9.34616.47
MinimumVisualStudioVersion = 10.0.40219.1
Project("{FAE04EC0-301F-11D3-BF4B-00C04F79EFBC}") = "Lab3", "Lab3.csproj", "{303E5CB4-C12F-4015-9D5A-4551766768A7}"
EndProject
Global
	GlobalSection(SolutionConfigurationPlatforms) = preSolution
		Debug|Any CPU = Debug|Any CPU
		Release|Any CPU = Release|Any CPU
	EndGlobalSection
	GlobalSection(ProjectConfigurationPlatforms) = postSolution
		{303E5CB4-C12F-4015-9D5A-4551766768A7}.Debug|Any CPU.ActiveCfg = Debug|Any CPU
		{303E5CB4-C12F-4015-9D5A-4551766768A7}.Debug|Any CPU.Build.0 = Debug|Any CPU
		{303E5CB4-C12F-4015-9D5A-4551766768A7}.Release|Any CPU.ActiveCfg = Release|Any CPU
		{303E5CB4-C12F-4015-9D5A-4551766768A7}.Release|Any CPU.Build.0 = Release|Any CPU
	EndGlobalSection
	GlobalSection(SolutionProperties) = preSolution
		HideSolutionNode = FALSE
	EndGlobalSection
	GlobalSection(ExtensibilityGlobals) = postSolution
		SolutionGuid = {9EB4D0D7-DB8A-4629-8AE7-431BC7D304DC}
	EndGlobalSection
EndGlobal
