
Microsoft Visual Studio Solution File, Format Version 12.00
# Visual Studio Version 17
VisualStudioVersion = 17.12.35506.116 d17.12
MinimumVisualStudioVersion = 10.0.40219.1
Project("{FAE04EC0-301F-11D3-BF4B-00C04F79EFBC}") = "Main", "Main.csproj", "{B3966A21-B5C7-4DF4-BEB0-271B4FCE90D0}"
EndProject
Project("{FAE04EC0-301F-11D3-BF4B-00C04F79EFBC}") = "ClassIerarchyLib", "..\ClassIerarchyLib\ClassIerarchyLib.csproj", "{38D89ACE-14E8-4AE6-A2EB-60E56D932264}"
EndProject
Global
	GlobalSection(SolutionConfigurationPlatforms) = preSolution
		Debug|Any CPU = Debug|Any CPU
		Release|Any CPU = Release|Any CPU
	EndGlobalSection
	GlobalSection(ProjectConfigurationPlatforms) = postSolution
		{B3966A21-B5C7-4DF4-BEB0-271B4FCE90D0}.Debug|Any CPU.ActiveCfg = Debug|Any CPU
		{B3966A21-B5C7-4DF4-BEB0-271B4FCE90D0}.Debug|Any CPU.Build.0 = Debug|Any CPU
		{B3966A21-B5C7-4DF4-BEB0-271B4FCE90D0}.Release|Any CPU.ActiveCfg = Release|Any CPU
		{B3966A21-B5C7-4DF4-BEB0-271B4FCE90D0}.Release|Any CPU.Build.0 = Release|Any CPU
		{38D89ACE-14E8-4AE6-A2EB-60E56D932264}.Debug|Any CPU.ActiveCfg = Debug|Any CPU
		{38D89ACE-14E8-4AE6-A2EB-60E56D932264}.Debug|Any CPU.Build.0 = Debug|Any CPU
		{38D89ACE-14E8-4AE6-A2EB-60E56D932264}.Release|Any CPU.ActiveCfg = Release|Any CPU
		{38D89ACE-14E8-4AE6-A2EB-60E56D932264}.Release|Any CPU.Build.0 = Release|Any CPU
	EndGlobalSection
	GlobalSection(SolutionProperties) = preSolution
		HideSolutionNode = FALSE
	EndGlobalSection
EndGlobal
